
Microsoft Visual Studio Solution File, Format Version 12.00
# Visual Studio Version 17
VisualStudioVersion = 17.5.33414.496
MinimumVisualStudioVersion = 10.0.40219.1
Project("{FAE04EC0-301F-11D3-BF4B-00C04F79EFBC}") = "Work1", "Work1\Work1.csproj", "{2DEF45A7-9610-432A-9479-1D05E847EA02}"
EndProject
Global
	GlobalSection(SolutionConfigurationPlatforms) = preSolution
		Debug|Any CPU = Debug|Any CPU
		Release|Any CPU = Release|Any CPU
	EndGlobalSection
	GlobalSection(ProjectConfigurationPlatforms) = postSolution
		{2DEF45A7-9610-432A-9479-1D05E847EA02}.Debug|Any CPU.ActiveCfg = Debug|Any CPU
		{2DEF45A7-9610-432A-9479-1D05E847EA02}.Debug|Any CPU.Build.0 = Debug|Any CPU
		{2DEF45A7-9610-432A-9479-1D05E847EA02}.Release|Any CPU.ActiveCfg = Release|Any CPU
		{2DEF45A7-9610-432A-9479-1D05E847EA02}.Release|Any CPU.Build.0 = Release|Any CPU
	EndGlobalSection
	GlobalSection(SolutionProperties) = preSolution
		HideSolutionNode = FALSE
	EndGlobalSection
	GlobalSection(ExtensibilityGlobals) = postSolution
		SolutionGuid = {670A487B-C47E-4851-8A38-3C0248B7D7B2}
	EndGlobalSection
EndGlobal
